// !$*UTF8*$!
{
	archiveVersion = 1;
	classes = {
	};
	objectVersion = 56;
	objects = {

/* Begin PBXBuildFile section */
		2A923F5F29E2765700EA6476 /* AppDelegate.swift in Sources */ = {isa = PBXBuildFile; fileRef = 2A923F5E29E2765700EA6476 /* AppDelegate.swift */; };
		2A923F6129E2765700EA6476 /* SceneDelegate.swift in Sources */ = {isa = PBXBuildFile; fileRef = 2A923F6029E2765700EA6476 /* SceneDelegate.swift */; };
		2A923F6329E2765700EA6476 /* ViewController.swift in Sources */ = {isa = PBXBuildFile; fileRef = 2A923F6229E2765700EA6476 /* ViewController.swift */; };
		2A923F6629E2765700EA6476 /* Main.storyboard in Resources */ = {isa = PBXBuildFile; fileRef = 2A923F6429E2765700EA6476 /* Main.storyboard */; };
		2A923F6829E2765900EA6476 /* Assets.xcassets in Resources */ = {isa = PBXBuildFile; fileRef = 2A923F6729E2765900EA6476 /* Assets.xcassets */; };
		2A923F6B29E2765900EA6476 /* LaunchScreen.storyboard in Resources */ = {isa = PBXBuildFile; fileRef = 2A923F6929E2765900EA6476 /* LaunchScreen.storyboard */; };
		2A923F7629E2765900EA6476 /* CoffeeOrderingMVVMSwiftTests.swift in Sources */ = {isa = PBXBuildFile; fileRef = 2A923F7529E2765900EA6476 /* CoffeeOrderingMVVMSwiftTests.swift */; };
		2A923F8029E2765A00EA6476 /* CoffeeOrderingMVVMSwiftUITests.swift in Sources */ = {isa = PBXBuildFile; fileRef = 2A923F7F29E2765A00EA6476 /* CoffeeOrderingMVVMSwiftUITests.swift */; };
		2A923F8229E2765A00EA6476 /* CoffeeOrderingMVVMSwiftUITestsLaunchTests.swift in Sources */ = {isa = PBXBuildFile; fileRef = 2A923F8129E2765A00EA6476 /* CoffeeOrderingMVVMSwiftUITestsLaunchTests.swift */; };
/* End PBXBuildFile section */

/* Begin PBXContainerItemProxy section */
		2A923F7229E2765900EA6476 /* PBXContainerItemProxy */ = {
			isa = PBXContainerItemProxy;
			containerPortal = 2A923F5329E2765700EA6476 /* Project object */;
			proxyType = 1;
			remoteGlobalIDString = 2A923F5A29E2765700EA6476;
			remoteInfo = CoffeeOrderingMVVMSwift;
		};
		2A923F7C29E2765A00EA6476 /* PBXContainerItemProxy */ = {
			isa = PBXContainerItemProxy;
			containerPortal = 2A923F5329E2765700EA6476 /* Project object */;
			proxyType = 1;
			remoteGlobalIDString = 2A923F5A29E2765700EA6476;
			remoteInfo = CoffeeOrderingMVVMSwift;
		};
/* End PBXContainerItemProxy section */

/* Begin PBXFileReference section */
		2A923F5B29E2765700EA6476 /* CoffeeOrderingMVVMSwift.app */ = {isa = PBXFileReference; explicitFileType = wrapper.application; includeInIndex = 0; path = CoffeeOrderingMVVMSwift.app; sourceTree = BUILT_PRODUCTS_DIR; };
		2A923F5E29E2765700EA6476 /* AppDelegate.swift */ = {isa = PBXFileReference; lastKnownFileType = sourcecode.swift; path = AppDelegate.swift; sourceTree = "<group>"; };
		2A923F6029E2765700EA6476 /* SceneDelegate.swift */ = {isa = PBXFileReference; lastKnownFileType = sourcecode.swift; path = SceneDelegate.swift; sourceTree = "<group>"; };
		2A923F6229E2765700EA6476 /* ViewController.swift */ = {isa = PBXFileReference; lastKnownFileType = sourcecode.swift; path = ViewController.swift; sourceTree = "<group>"; };
		2A923F6529E2765700EA6476 /* Base */ = {isa = PBXFileReference; lastKnownFileType = file.storyboard; name = Base; path = Base.lproj/Main.storyboard; sourceTree = "<group>"; };
		2A923F6729E2765900EA6476 /* Assets.xcassets */ = {isa = PBXFileReference; lastKnownFileType = folder.assetcatalog; path = Assets.xcassets; sourceTree = "<group>"; };
		2A923F6A29E2765900EA6476 /* Base */ = {isa = PBXFileReference; lastKnownFileType = file.storyboard; name = Base; path = Base.lproj/LaunchScreen.storyboard; sourceTree = "<group>"; };
		2A923F6C29E2765900EA6476 /* Info.plist */ = {isa = PBXFileReference; lastKnownFileType = text.plist.xml; path = Info.plist; sourceTree = "<group>"; };
		2A923F7129E2765900EA6476 /* CoffeeOrderingMVVMSwiftTests.xctest */ = {isa = PBXFileReference; explicitFileType = wrapper.cfbundle; includeInIndex = 0; path = CoffeeOrderingMVVMSwiftTests.xctest; sourceTree = BUILT_PRODUCTS_DIR; };
		2A923F7529E2765900EA6476 /* CoffeeOrderingMVVMSwiftTests.swift */ = {isa = PBXFileReference; lastKnownFileType = sourcecode.swift; path = CoffeeOrderingMVVMSwiftTests.swift; sourceTree = "<group>"; };
		2A923F7B29E2765A00EA6476 /* CoffeeOrderingMVVMSwiftUITests.xctest */ = {isa = PBXFileReference; explicitFileType = wrapper.cfbundle; includeInIndex = 0; path = CoffeeOrderingMVVMSwiftUITests.xctest; sourceTree = BUILT_PRODUCTS_DIR; };
		2A923F7F29E2765A00EA6476 /* CoffeeOrderingMVVMSwiftUITests.swift */ = {isa = PBXFileReference; lastKnownFileType = sourcecode.swift; path = CoffeeOrderingMVVMSwiftUITests.swift; sourceTree = "<group>"; };
		2A923F8129E2765A00EA6476 /* CoffeeOrderingMVVMSwiftUITestsLaunchTests.swift */ = {isa = PBXFileReference; lastKnownFileType = sourcecode.swift; path = CoffeeOrderingMVVMSwiftUITestsLaunchTests.swift; sourceTree = "<group>"; };
/* End PBXFileReference section */

/* Begin PBXFrameworksBuildPhase section */
		2A923F5829E2765700EA6476 /* Frameworks */ = {
			isa = PBXFrameworksBuildPhase;
			buildActionMask = 2147483647;
			files = (
			);
			runOnlyForDeploymentPostprocessing = 0;
		};
		2A923F6E29E2765900EA6476 /* Frameworks */ = {
			isa = PBXFrameworksBuildPhase;
			buildActionMask = 2147483647;
			files = (
			);
			runOnlyForDeploymentPostprocessing = 0;
		};
		2A923F7829E2765A00EA6476 /* Frameworks */ = {
			isa = PBXFrameworksBuildPhase;
			buildActionMask = 2147483647;
			files = (
			);
			runOnlyForDeploymentPostprocessing = 0;
		};
/* End PBXFrameworksBuildPhase section */

/* Begin PBXGroup section */
		2A923F5229E2765700EA6476 = {
			isa = PBXGroup;
			children = (
				2A923F5D29E2765700EA6476 /* CoffeeOrderingMVVMSwift */,
				2A923F7429E2765900EA6476 /* CoffeeOrderingMVVMSwiftTests */,
				2A923F7E29E2765A00EA6476 /* CoffeeOrderingMVVMSwiftUITests */,
				2A923F5C29E2765700EA6476 /* Products */,
			);
			sourceTree = "<group>";
		};
		2A923F5C29E2765700EA6476 /* Products */ = {
			isa = PBXGroup;
			children = (
				2A923F5B29E2765700EA6476 /* CoffeeOrderingMVVMSwift.app */,
				2A923F7129E2765900EA6476 /* CoffeeOrderingMVVMSwiftTests.xctest */,
				2A923F7B29E2765A00EA6476 /* CoffeeOrderingMVVMSwiftUITests.xctest */,
			);
			name = Products;
			sourceTree = "<group>";
		};
		2A923F5D29E2765700EA6476 /* CoffeeOrderingMVVMSwift */ = {
			isa = PBXGroup;
			children = (
				2A923F5E29E2765700EA6476 /* AppDelegate.swift */,
				2A923F6029E2765700EA6476 /* SceneDelegate.swift */,
				2A923F6229E2765700EA6476 /* ViewController.swift */,
				2A923F6429E2765700EA6476 /* Main.storyboard */,
				2A923F6729E2765900EA6476 /* Assets.xcassets */,
				2A923F6929E2765900EA6476 /* LaunchScreen.storyboard */,
				2A923F6C29E2765900EA6476 /* Info.plist */,
			);
			path = CoffeeOrderingMVVMSwift;
			sourceTree = "<group>";
		};
		2A923F7429E2765900EA6476 /* CoffeeOrderingMVVMSwiftTests */ = {
			isa = PBXGroup;
			children = (
				2A923F7529E2765900EA6476 /* CoffeeOrderingMVVMSwiftTests.swift */,
			);
			path = CoffeeOrderingMVVMSwiftTests;
			sourceTree = "<group>";
		};
		2A923F7E29E2765A00EA6476 /* CoffeeOrderingMVVMSwiftUITests */ = {
			isa = PBXGroup;
			children = (
				2A923F7F29E2765A00EA6476 /* CoffeeOrderingMVVMSwiftUITests.swift */,
				2A923F8129E2765A00EA6476 /* CoffeeOrderingMVVMSwiftUITestsLaunchTests.swift */,
			);
			path = CoffeeOrderingMVVMSwiftUITests;
			sourceTree = "<group>";
		};
/* End PBXGroup section */

/* Begin PBXNativeTarget section */
		2A923F5A29E2765700EA6476 /* CoffeeOrderingMVVMSwift */ = {
			isa = PBXNativeTarget;
			buildConfigurationList = 2A923F8529E2765A00EA6476 /* Build configuration list for PBXNativeTarget "CoffeeOrderingMVVMSwift" */;
			buildPhases = (
				2A923F5729E2765700EA6476 /* Sources */,
				2A923F5829E2765700EA6476 /* Frameworks */,
				2A923F5929E2765700EA6476 /* Resources */,
			);
			buildRules = (
			);
			dependencies = (
			);
			name = CoffeeOrderingMVVMSwift;
			productName = CoffeeOrderingMVVMSwift;
			productReference = 2A923F5B29E2765700EA6476 /* CoffeeOrderingMVVMSwift.app */;
			productType = "com.apple.product-type.application";
		};
		2A923F7029E2765900EA6476 /* CoffeeOrderingMVVMSwiftTests */ = {
			isa = PBXNativeTarget;
			buildConfigurationList = 2A923F8829E2765A00EA6476 /* Build configuration list for PBXNativeTarget "CoffeeOrderingMVVMSwiftTests" */;
			buildPhases = (
				2A923F6D29E2765900EA6476 /* Sources */,
				2A923F6E29E2765900EA6476 /* Frameworks */,
				2A923F6F29E2765900EA6476 /* Resources */,
			);
			buildRules = (
			);
			dependencies = (
				2A923F7329E2765900EA6476 /* PBXTargetDependency */,
			);
			name = CoffeeOrderingMVVMSwiftTests;
			productName = CoffeeOrderingMVVMSwiftTests;
			productReference = 2A923F7129E2765900EA6476 /* CoffeeOrderingMVVMSwiftTests.xctest */;
			productType = "com.apple.product-type.bundle.unit-test";
		};
		2A923F7A29E2765A00EA6476 /* CoffeeOrderingMVVMSwiftUITests */ = {
			isa = PBXNativeTarget;
			buildConfigurationList = 2A923F8B29E2765A00EA6476 /* Build configuration list for PBXNativeTarget "CoffeeOrderingMVVMSwiftUITests" */;
			buildPhases = (
				2A923F7729E2765A00EA6476 /* Sources */,
				2A923F7829E2765A00EA6476 /* Frameworks */,
				2A923F7929E2765A00EA6476 /* Resources */,
			);
			buildRules = (
			);
			dependencies = (
				2A923F7D29E2765A00EA6476 /* PBXTargetDependency */,
			);
			name = CoffeeOrderingMVVMSwiftUITests;
			productName = CoffeeOrderingMVVMSwiftUITests;
			productReference = 2A923F7B29E2765A00EA6476 /* CoffeeOrderingMVVMSwiftUITests.xctest */;
			productType = "com.apple.product-type.bundle.ui-testing";
		};
/* End PBXNativeTarget section */

/* Begin PBXProject section */
		2A923F5329E2765700EA6476 /* Project object */ = {
			isa = PBXProject;
			attributes = {
				BuildIndependentTargetsInParallel = 1;
				LastSwiftUpdateCheck = 1430;
				LastUpgradeCheck = 1430;
				TargetAttributes = {
					2A923F5A29E2765700EA6476 = {
						CreatedOnToolsVersion = 14.3;
					};
					2A923F7029E2765900EA6476 = {
						CreatedOnToolsVersion = 14.3;
						TestTargetID = 2A923F5A29E2765700EA6476;
					};
					2A923F7A29E2765A00EA6476 = {
						CreatedOnToolsVersion = 14.3;
						TestTargetID = 2A923F5A29E2765700EA6476;
					};
				};
			};
			buildConfigurationList = 2A923F5629E2765700EA6476 /* Build configuration list for PBXProject "CoffeeOrderingMVVMSwift" */;
			compatibilityVersion = "Xcode 14.0";
			developmentRegion = en;
			hasScannedForEncodings = 0;
			knownRegions = (
				en,
				Base,
			);
			mainGroup = 2A923F5229E2765700EA6476;
			productRefGroup = 2A923F5C29E2765700EA6476 /* Products */;
			projectDirPath = "";
			projectRoot = "";
			targets = (
				2A923F5A29E2765700EA6476 /* CoffeeOrderingMVVMSwift */,
				2A923F7029E2765900EA6476 /* CoffeeOrderingMVVMSwiftTests */,
				2A923F7A29E2765A00EA6476 /* CoffeeOrderingMVVMSwiftUITests */,
			);
		};
/* End PBXProject section */

/* Begin PBXResourcesBuildPhase section */
		2A923F5929E2765700EA6476 /* Resources */ = {
			isa = PBXResourcesBuildPhase;
			buildActionMask = 2147483647;
			files = (
				2A923F6B29E2765900EA6476 /* LaunchScreen.storyboard in Resources */,
				2A923F6829E2765900EA6476 /* Assets.xcassets in Resources */,
				2A923F6629E2765700EA6476 /* Main.storyboard in Resources */,
			);
			runOnlyForDeploymentPostprocessing = 0;
		};
		2A923F6F29E2765900EA6476 /* Resources */ = {
			isa = PBXResourcesBuildPhase;
			buildActionMask = 2147483647;
			files = (
			);
			runOnlyForDeploymentPostprocessing = 0;
		};
		2A923F7929E2765A00EA6476 /* Resources */ = {
			isa = PBXResourcesBuildPhase;
			buildActionMask = 2147483647;
			files = (
			);
			runOnlyForDeploymentPostprocessing = 0;
		};
/* End PBXResourcesBuildPhase section */

/* Begin PBXSourcesBuildPhase section */
		2A923F5729E2765700EA6476 /* Sources */ = {
			isa = PBXSourcesBuildPhase;
			buildActionMask = 2147483647;
			files = (
				2A923F6329E2765700EA6476 /* ViewController.swift in Sources */,
				2A923F5F29E2765700EA6476 /* AppDelegate.swift in Sources */,
				2A923F6129E2765700EA6476 /* SceneDelegate.swift in Sources */,
			);
			runOnlyForDeploymentPostprocessing = 0;
		};
		2A923F6D29E2765900EA6476 /* Sources */ = {
			isa = PBXSourcesBuildPhase;
			buildActionMask = 2147483647;
			files = (
				2A923F7629E2765900EA6476 /* CoffeeOrderingMVVMSwiftTests.swift in Sources */,
			);
			runOnlyForDeploymentPostprocessing = 0;
		};
		2A923F7729E2765A00EA6476 /* Sources */ = {
			isa = PBXSourcesBuildPhase;
			buildActionMask = 2147483647;
			files = (
				2A923F8229E2765A00EA6476 /* CoffeeOrderingMVVMSwiftUITestsLaunchTests.swift in Sources */,
				2A923F8029E2765A00EA6476 /* CoffeeOrderingMVVMSwiftUITests.swift in Sources */,
			);
			runOnlyForDeploymentPostprocessing = 0;
		};
/* End PBXSourcesBuildPhase section */

/* Begin PBXTargetDependency section */
		2A923F7329E2765900EA6476 /* PBXTargetDependency */ = {
			isa = PBXTargetDependency;
			target = 2A923F5A29E2765700EA6476 /* CoffeeOrderingMVVMSwift */;
			targetProxy = 2A923F7229E2765900EA6476 /* PBXContainerItemProxy */;
		};
		2A923F7D29E2765A00EA6476 /* PBXTargetDependency */ = {
			isa = PBXTargetDependency;
			target = 2A923F5A29E2765700EA6476 /* CoffeeOrderingMVVMSwift */;
			targetProxy = 2A923F7C29E2765A00EA6476 /* PBXContainerItemProxy */;
		};
/* End PBXTargetDependency section */

/* Begin PBXVariantGroup section */
		2A923F6429E2765700EA6476 /* Main.storyboard */ = {
			isa = PBXVariantGroup;
			children = (
				2A923F6529E2765700EA6476 /* Base */,
			);
			name = Main.storyboard;
			sourceTree = "<group>";
		};
		2A923F6929E2765900EA6476 /* LaunchScreen.storyboard */ = {
			isa = PBXVariantGroup;
			children = (
				2A923F6A29E2765900EA6476 /* Base */,
			);
			name = LaunchScreen.storyboard;
			sourceTree = "<group>";
		};
/* End PBXVariantGroup section */

/* Begin XCBuildConfiguration section */
		2A923F8329E2765A00EA6476 /* Debug */ = {
			isa = XCBuildConfiguration;
			buildSettings = {
				ALWAYS_SEARCH_USER_PATHS = NO;
				CLANG_ANALYZER_NONNULL = YES;
				CLANG_ANALYZER_NUMBER_OBJECT_CONVERSION = YES_AGGRESSIVE;
				CLANG_CXX_LANGUAGE_STANDARD = "gnu++20";
				CLANG_ENABLE_MODULES = YES;
				CLANG_ENABLE_OBJC_ARC = YES;
				CLANG_ENABLE_OBJC_WEAK = YES;
				CLANG_WARN_BLOCK_CAPTURE_AUTORELEASING = YES;
				CLANG_WARN_BOOL_CONVERSION = YES;
				CLANG_WARN_COMMA = YES;
				CLANG_WARN_CONSTANT_CONVERSION = YES;
				CLANG_WARN_DEPRECATED_OBJC_IMPLEMENTATIONS = YES;
				CLANG_WARN_DIRECT_OBJC_ISA_USAGE = YES_ERROR;
				CLANG_WARN_DOCUMENTATION_COMMENTS = YES;
				CLANG_WARN_EMPTY_BODY = YES;
				CLANG_WARN_ENUM_CONVERSION = YES;
				CLANG_WARN_INFINITE_RECURSION = YES;
				CLANG_WARN_INT_CONVERSION = YES;
				CLANG_WARN_NON_LITERAL_NULL_CONVERSION = YES;
				CLANG_WARN_OBJC_IMPLICIT_RETAIN_SELF = YES;
				CLANG_WARN_OBJC_LITERAL_CONVERSION = YES;
				CLANG_WARN_OBJC_ROOT_CLASS = YES_ERROR;
				CLANG_WARN_QUOTED_INCLUDE_IN_FRAMEWORK_HEADER = YES;
				CLANG_WARN_RANGE_LOOP_ANALYSIS = YES;
				CLANG_WARN_STRICT_PROTOTYPES = YES;
				CLANG_WARN_SUSPICIOUS_MOVE = YES;
				CLANG_WARN_UNGUARDED_AVAILABILITY = YES_AGGRESSIVE;
				CLANG_WARN_UNREACHABLE_CODE = YES;
				CLANG_WARN__DUPLICATE_METHOD_MATCH = YES;
				COPY_PHASE_STRIP = NO;
				DEBUG_INFORMATION_FORMAT = dwarf;
				ENABLE_STRICT_OBJC_MSGSEND = YES;
				ENABLE_TESTABILITY = YES;
				GCC_C_LANGUAGE_STANDARD = gnu11;
				GCC_DYNAMIC_NO_PIC = NO;
				GCC_NO_COMMON_BLOCKS = YES;
				GCC_OPTIMIZATION_LEVEL = 0;
				GCC_PREPROCESSOR_DEFINITIONS = (
					"DEBUG=1",
					"$(inherited)",
				);
				GCC_WARN_64_TO_32_BIT_CONVERSION = YES;
				GCC_WARN_ABOUT_RETURN_TYPE = YES_ERROR;
				GCC_WARN_UNDECLARED_SELECTOR = YES;
				GCC_WARN_UNINITIALIZED_AUTOS = YES_AGGRESSIVE;
				GCC_WARN_UNUSED_FUNCTION = YES;
				GCC_WARN_UNUSED_VARIABLE = YES;
				IPHONEOS_DEPLOYMENT_TARGET = 16.4;
				MTL_ENABLE_DEBUG_INFO = INCLUDE_SOURCE;
				MTL_FAST_MATH = YES;
				ONLY_ACTIVE_ARCH = YES;
				SDKROOT = iphoneos;
				SWIFT_ACTIVE_COMPILATION_CONDITIONS = DEBUG;
				SWIFT_OPTIMIZATION_LEVEL = "-Onone";
			};
			name = Debug;
		};
		2A923F8429E2765A00EA6476 /* Release */ = {
			isa = XCBuildConfiguration;
			buildSettings = {
				ALWAYS_SEARCH_USER_PATHS = NO;
				CLANG_ANALYZER_NONNULL = YES;
				CLANG_ANALYZER_NUMBER_OBJECT_CONVERSION = YES_AGGRESSIVE;
				CLANG_CXX_LANGUAGE_STANDARD = "gnu++20";
				CLANG_ENABLE_MODULES = YES;
				CLANG_ENABLE_OBJC_ARC = YES;
				CLANG_ENABLE_OBJC_WEAK = YES;
				CLANG_WARN_BLOCK_CAPTURE_AUTORELEASING = YES;
				CLANG_WARN_BOOL_CONVERSION = YES;
				CLANG_WARN_COMMA = YES;
				CLANG_WARN_CONSTANT_CONVERSION = YES;
				CLANG_WARN_DEPRECATED_OBJC_IMPLEMENTATIONS = YES;
				CLANG_WARN_DIRECT_OBJC_ISA_USAGE = YES_ERROR;
				CLANG_WARN_DOCUMENTATION_COMMENTS = YES;
				CLANG_WARN_EMPTY_BODY = YES;
				CLANG_WARN_ENUM_CONVERSION = YES;
				CLANG_WARN_INFINITE_RECURSION = YES;
				CLANG_WARN_INT_CONVERSION = YES;
				CLANG_WARN_NON_LITERAL_NULL_CONVERSION = YES;
				CLANG_WARN_OBJC_IMPLICIT_RETAIN_SELF = YES;
				CLANG_WARN_OBJC_LITERAL_CONVERSION = YES;
				CLANG_WARN_OBJC_ROOT_CLASS = YES_ERROR;
				CLANG_WARN_QUOTED_INCLUDE_IN_FRAMEWORK_HEADER = YES;
				CLANG_WARN_RANGE_LOOP_ANALYSIS = YES;
				CLANG_WARN_STRICT_PROTOTYPES = YES;
				CLANG_WARN_SUSPICIOUS_MOVE = YES;
				CLANG_WARN_UNGUARDED_AVAILABILITY = YES_AGGRESSIVE;
				CLANG_WARN_UNREACHABLE_CODE = YES;
				CLANG_WARN__DUPLICATE_METHOD_MATCH = YES;
				COPY_PHASE_STRIP = NO;
				DEBUG_INFORMATION_FORMAT = "dwarf-with-dsym";
				ENABLE_NS_ASSERTIONS = NO;
				ENABLE_STRICT_OBJC_MSGSEND = YES;
				GCC_C_LANGUAGE_STANDARD = gnu11;
				GCC_NO_COMMON_BLOCKS = YES;
				GCC_WARN_64_TO_32_BIT_CONVERSION = YES;
				GCC_WARN_ABOUT_RETURN_TYPE = YES_ERROR;
				GCC_WARN_UNDECLARED_SELECTOR = YES;
				GCC_WARN_UNINITIALIZED_AUTOS = YES_AGGRESSIVE;
				GCC_WARN_UNUSED_FUNCTION = YES;
				GCC_WARN_UNUSED_VARIABLE = YES;
				IPHONEOS_DEPLOYMENT_TARGET = 16.4;
				MTL_ENABLE_DEBUG_INFO = NO;
				MTL_FAST_MATH = YES;
				SDKROOT = iphoneos;
				SWIFT_COMPILATION_MODE = wholemodule;
				SWIFT_OPTIMIZATION_LEVEL = "-O";
				VALIDATE_PRODUCT = YES;
			};
			name = Release;
		};
		2A923F8629E2765A00EA6476 /* Debug */ = {
			isa = XCBuildConfiguration;
			buildSettings = {
				ASSETCATALOG_COMPILER_APPICON_NAME = AppIcon;
				ASSETCATALOG_COMPILER_GLOBAL_ACCENT_COLOR_NAME = AccentColor;
				CODE_SIGN_STYLE = Automatic;
				CURRENT_PROJECT_VERSION = 1;
				DEVELOPMENT_TEAM = 5S22W76BBZ;
				GENERATE_INFOPLIST_FILE = YES;
				INFOPLIST_FILE = CoffeeOrderingMVVMSwift/Info.plist;
				INFOPLIST_KEY_UIApplicationSupportsIndirectInputEvents = YES;
				INFOPLIST_KEY_UILaunchStoryboardName = LaunchScreen;
				INFOPLIST_KEY_UIMainStoryboardFile = Main;
				INFOPLIST_KEY_UISupportedInterfaceOrientations_iPad = "UIInterfaceOrientationPortrait UIInterfaceOrientationPortraitUpsideDown UIInterfaceOrientationLandscapeLeft UIInterfaceOrientationLandscapeRight";
				INFOPLIST_KEY_UISupportedInterfaceOrientations_iPhone = "UIInterfaceOrientationPortrait UIInterfaceOrientationLandscapeLeft UIInterfaceOrientationLandscapeRight";
				LD_RUNPATH_SEARCH_PATHS = (
					"$(inherited)",
					"@executable_path/Frameworks",
				);
				MARKETING_VERSION = 1.0;
				PRODUCT_BUNDLE_IDENTIFIER = com.kevinhomorales.CoffeeOrderingMVVMSwift;
				PRODUCT_NAME = "$(TARGET_NAME)";
				SWIFT_EMIT_LOC_STRINGS = YES;
				SWIFT_VERSION = 5.0;
				TARGETED_DEVICE_FAMILY = "1,2";
			};
			name = Debug;
		};
		2A923F8729E2765A00EA6476 /* Release */ = {
			isa = XCBuildConfiguration;
			buildSettings = {
				ASSETCATALOG_COMPILER_APPICON_NAME = AppIcon;
				ASSETCATALOG_COMPILER_GLOBAL_ACCENT_COLOR_NAME = AccentColor;
				CODE_SIGN_STYLE = Automatic;
				CURRENT_PROJECT_VERSION = 1;
				DEVELOPMENT_TEAM = 5S22W76BBZ;
				GENERATE_INFOPLIST_FILE = YES;
				INFOPLIST_FILE = CoffeeOrderingMVVMSwift/Info.plist;
				INFOPLIST_KEY_UIApplicationSupportsIndirectInputEvents = YES;
				INFOPLIST_KEY_UILaunchStoryboardName = LaunchScreen;
				INFOPLIST_KEY_UIMainStoryboardFile = Main;
				INFOPLIST_KEY_UISupportedInterfaceOrientations_iPad = "UIInterfaceOrientationPortrait UIInterfaceOrientationPortraitUpsideDown UIInterfaceOrientationLandscapeLeft UIInterfaceOrientationLandscapeRight";
				INFOPLIST_KEY_UISupportedInterfaceOrientations_iPhone = "UIInterfaceOrientationPortrait UIInterfaceOrientationLandscapeLeft UIInterfaceOrientationLandscapeRight";
				LD_RUNPATH_SEARCH_PATHS = (
					"$(inherited)",
					"@executable_path/Frameworks",
				);
				MARKETING_VERSION = 1.0;
				PRODUCT_BUNDLE_IDENTIFIER = com.kevinhomorales.CoffeeOrderingMVVMSwift;
				PRODUCT_NAME = "$(TARGET_NAME)";
				SWIFT_EMIT_LOC_STRINGS = YES;
				SWIFT_VERSION = 5.0;
				TARGETED_DEVICE_FAMILY = "1,2";
			};
			name = Release;
		};
		2A923F8929E2765A00EA6476 /* Debug */ = {
			isa = XCBuildConfiguration;
			buildSettings = {
				ALWAYS_EMBED_SWIFT_STANDARD_LIBRARIES = YES;
				BUNDLE_LOADER = "$(TEST_HOST)";
				CODE_SIGN_STYLE = Automatic;
				CURRENT_PROJECT_VERSION = 1;
				DEVELOPMENT_TEAM = 5S22W76BBZ;
				GENERATE_INFOPLIST_FILE = YES;
				IPHONEOS_DEPLOYMENT_TARGET = 16.4;
				MARKETING_VERSION = 1.0;
				PRODUCT_BUNDLE_IDENTIFIER = com.kevinhomorales.CoffeeOrderingMVVMSwiftTests;
				PRODUCT_NAME = "$(TARGET_NAME)";
				SWIFT_EMIT_LOC_STRINGS = NO;
				SWIFT_VERSION = 5.0;
				TARGETED_DEVICE_FAMILY = "1,2";
				TEST_HOST = "$(BUILT_PRODUCTS_DIR)/CoffeeOrderingMVVMSwift.app/$(BUNDLE_EXECUTABLE_FOLDER_PATH)/CoffeeOrderingMVVMSwift";
			};
			name = Debug;
		};
		2A923F8A29E2765A00EA6476 /* Release */ = {
			isa = XCBuildConfiguration;
			buildSettings = {
				ALWAYS_EMBED_SWIFT_STANDARD_LIBRARIES = YES;
				BUNDLE_LOADER = "$(TEST_HOST)";
				CODE_SIGN_STYLE = Automatic;
				CURRENT_PROJECT_VERSION = 1;
				DEVELOPMENT_TEAM = 5S22W76BBZ;
				GENERATE_INFOPLIST_FILE = YES;
				IPHONEOS_DEPLOYMENT_TARGET = 16.4;
				MARKETING_VERSION = 1.0;
				PRODUCT_BUNDLE_IDENTIFIER = com.kevinhomorales.CoffeeOrderingMVVMSwiftTests;
				PRODUCT_NAME = "$(TARGET_NAME)";
				SWIFT_EMIT_LOC_STRINGS = NO;
				SWIFT_VERSION = 5.0;
				TARGETED_DEVICE_FAMILY = "1,2";
				TEST_HOST = "$(BUILT_PRODUCTS_DIR)/CoffeeOrderingMVVMSwift.app/$(BUNDLE_EXECUTABLE_FOLDER_PATH)/CoffeeOrderingMVVMSwift";
			};
			name = Release;
		};
		2A923F8C29E2765A00EA6476 /* Debug */ = {
			isa = XCBuildConfiguration;
			buildSettings = {
				ALWAYS_EMBED_SWIFT_STANDARD_LIBRARIES = YES;
				CODE_SIGN_STYLE = Automatic;
				CURRENT_PROJECT_VERSION = 1;
				DEVELOPMENT_TEAM = 5S22W76BBZ;
				GENERATE_INFOPLIST_FILE = YES;
				MARKETING_VERSION = 1.0;
				PRODUCT_BUNDLE_IDENTIFIER = com.kevinhomorales.CoffeeOrderingMVVMSwiftUITests;
				PRODUCT_NAME = "$(TARGET_NAME)";
				SWIFT_EMIT_LOC_STRINGS = NO;
				SWIFT_VERSION = 5.0;
				TARGETED_DEVICE_FAMILY = "1,2";
				TEST_TARGET_NAME = CoffeeOrderingMVVMSwift;
			};
			name = Debug;
		};
		2A923F8D29E2765A00EA6476 /* Release */ = {
			isa = XCBuildConfiguration;
			buildSettings = {
				ALWAYS_EMBED_SWIFT_STANDARD_LIBRARIES = YES;
				CODE_SIGN_STYLE = Automatic;
				CURRENT_PROJECT_VERSION = 1;
				DEVELOPMENT_TEAM = 5S22W76BBZ;
				GENERATE_INFOPLIST_FILE = YES;
				MARKETING_VERSION = 1.0;
				PRODUCT_BUNDLE_IDENTIFIER = com.kevinhomorales.CoffeeOrderingMVVMSwiftUITests;
				PRODUCT_NAME = "$(TARGET_NAME)";
				SWIFT_EMIT_LOC_STRINGS = NO;
				SWIFT_VERSION = 5.0;
				TARGETED_DEVICE_FAMILY = "1,2";
				TEST_TARGET_NAME = CoffeeOrderingMVVMSwift;
			};
			name = Release;
		};
/* End XCBuildConfiguration section */

/* Begin XCConfigurationList section */
		2A923F5629E2765700EA6476 /* Build configuration list for PBXProject "CoffeeOrderingMVVMSwift" */ = {
			isa = XCConfigurationList;
			buildConfigurations = (
				2A923F8329E2765A00EA6476 /* Debug */,
				2A923F8429E2765A00EA6476 /* Release */,
			);
			defaultConfigurationIsVisible = 0;
			defaultConfigurationName = Release;
		};
		2A923F8529E2765A00EA6476 /* Build configuration list for PBXNativeTarget "CoffeeOrderingMVVMSwift" */ = {
			isa = XCConfigurationList;
			buildConfigurations = (
				2A923F8629E2765A00EA6476 /* Debug */,
				2A923F8729E2765A00EA6476 /* Release */,
			);
			defaultConfigurationIsVisible = 0;
			defaultConfigurationName = Release;
		};
		2A923F8829E2765A00EA6476 /* Build configuration list for PBXNativeTarget "CoffeeOrderingMVVMSwiftTests" */ = {
			isa = XCConfigurationList;
			buildConfigurations = (
				2A923F8929E2765A00EA6476 /* Debug */,
				2A923F8A29E2765A00EA6476 /* Release */,
			);
			defaultConfigurationIsVisible = 0;
			defaultConfigurationName = Release;
		};
		2A923F8B29E2765A00EA6476 /* Build configuration list for PBXNativeTarget "CoffeeOrderingMVVMSwiftUITests" */ = {
			isa = XCConfigurationList;
			buildConfigurations = (
				2A923F8C29E2765A00EA6476 /* Debug */,
				2A923F8D29E2765A00EA6476 /* Release */,
			);
			defaultConfigurationIsVisible = 0;
			defaultConfigurationName = Release;
		};
/* End XCConfigurationList section */
	};
	rootObject = 2A923F5329E2765700EA6476 /* Project object */;
}
